
Microsoft Visual Studio Solution File, Format Version 12.00
# Visual Studio Version 16
VisualStudioVersion = 16.0.33423.256
MinimumVisualStudioVersion = 10.0.40219.1
Project("{FAE04EC0-301F-11D3-BF4B-00C04F79EFBC}") = "FileMonitor", "FileMonitor\FileMonitor.csproj", "{823AA384-99AB-4591-B68D-8C4A7766FA4E}"
EndProject
Global
	GlobalSection(SolutionConfigurationPlatforms) = preSolution
		Debug|Any CPU = Debug|Any CPU
		Release|Any CPU = Release|Any CPU
	EndGlobalSection
	GlobalSection(ProjectConfigurationPlatforms) = postSolution
		{823AA384-99AB-4591-B68D-8C4A7766FA4E}.Debug|Any CPU.ActiveCfg = Debug|Any CPU
		{823AA384-99AB-4591-B68D-8C4A7766FA4E}.Debug|Any CPU.Build.0 = Debug|Any CPU
		{823AA384-99AB-4591-B68D-8C4A7766FA4E}.Release|Any CPU.ActiveCfg = Release|Any CPU
		{823AA384-99AB-4591-B68D-8C4A7766FA4E}.Release|Any CPU.Build.0 = Release|Any CPU
	EndGlobalSection
	GlobalSection(SolutionProperties) = preSolution
		HideSolutionNode = FALSE
	EndGlobalSection
	GlobalSection(ExtensibilityGlobals) = postSolution
		SolutionGuid = {EE55E62F-6BC9-4084-A34C-32BF6755A35F}
	EndGlobalSection
EndGlobal
